// !$*UTF8*$!
{
	archiveVersion = 1;
	classes = {
	};
	objectVersion = 50;
	objects = {

/* Begin PBXBuildFile section */
		AAB91CF3232196150052026A /* AppDelegate.swift in Sources */ = {isa = PBXBuildFile; fileRef = AAB91CF2232196150052026A /* AppDelegate.swift */; };
		AAB91CF5232196150052026A /* BlueVC.swift in Sources */ = {isa = PBXBuildFile; fileRef = AAB91CF4232196150052026A /* BlueVC.swift */; };
		AAB91CF8232196150052026A /* Main.storyboard in Resources */ = {isa = PBXBuildFile; fileRef = AAB91CF6232196150052026A /* Main.storyboard */; };
		AAB91CFA232196160052026A /* Assets.xcassets in Resources */ = {isa = PBXBuildFile; fileRef = AAB91CF9232196160052026A /* Assets.xcassets */; };
		AAB91CFD232196160052026A /* LaunchScreen.storyboard in Resources */ = {isa = PBXBuildFile; fileRef = AAB91CFB232196160052026A /* LaunchScreen.storyboard */; };
		AAB91D052321975B0052026A /* RedVC.swift in Sources */ = {isa = PBXBuildFile; fileRef = AAB91D042321975B0052026A /* RedVC.swift */; };
		AAB91D07232197690052026A /* GreenVC.swift in Sources */ = {isa = PBXBuildFile; fileRef = AAB91D06232197690052026A /* GreenVC.swift */; };
		AAB91D0923219A920052026A /* DetailVC.swift in Sources */ = {isa = PBXBuildFile; fileRef = AAB91D0823219A920052026A /* DetailVC.swift */; };
/* End PBXBuildFile section */

/* Begin PBXFileReference section */
		AAB91CEF232196150052026A /* DataFlowAndNavigation.app */ = {isa = PBXFileReference; explicitFileType = wrapper.application; includeInIndex = 0; path = DataFlowAndNavigation.app; sourceTree = BUILT_PRODUCTS_DIR; };
		AAB91CF2232196150052026A /* AppDelegate.swift */ = {isa = PBXFileReference; lastKnownFileType = sourcecode.swift; path = AppDelegate.swift; sourceTree = "<group>"; };
		AAB91CF4232196150052026A /* BlueVC.swift */ = {isa = PBXFileReference; lastKnownFileType = sourcecode.swift; path = BlueVC.swift; sourceTree = "<group>"; };
		AAB91CF7232196150052026A /* Base */ = {isa = PBXFileReference; lastKnownFileType = file.storyboard; name = Base; path = Base.lproj/Main.storyboard; sourceTree = "<group>"; };
		AAB91CF9232196160052026A /* Assets.xcassets */ = {isa = PBXFileReference; lastKnownFileType = folder.assetcatalog; path = Assets.xcassets; sourceTree = "<group>"; };
		AAB91CFC232196160052026A /* Base */ = {isa = PBXFileReference; lastKnownFileType = file.storyboard; name = Base; path = Base.lproj/LaunchScreen.storyboard; sourceTree = "<group>"; };
		AAB91CFE232196160052026A /* Info.plist */ = {isa = PBXFileReference; lastKnownFileType = text.plist.xml; path = Info.plist; sourceTree = "<group>"; };
		AAB91D042321975B0052026A /* RedVC.swift */ = {isa = PBXFileReference; lastKnownFileType = sourcecode.swift; path = RedVC.swift; sourceTree = "<group>"; };
		AAB91D06232197690052026A /* GreenVC.swift */ = {isa = PBXFileReference; lastKnownFileType = sourcecode.swift; path = GreenVC.swift; sourceTree = "<group>"; };
		AAB91D0823219A920052026A /* DetailVC.swift */ = {isa = PBXFileReference; lastKnownFileType = sourcecode.swift; path = DetailVC.swift; sourceTree = "<group>"; };
/* End PBXFileReference section */

/* Begin PBXFrameworksBuildPhase section */
		AAB91CEC232196150052026A /* Frameworks */ = {
			isa = PBXFrameworksBuildPhase;
			buildActionMask = 2147483647;
			files = (
			);
			runOnlyForDeploymentPostprocessing = 0;
		};
/* End PBXFrameworksBuildPhase section */

/* Begin PBXGroup section */
		AAB91CE6232196150052026A = {
			isa = PBXGroup;
			children = (
				AAB91CF1232196150052026A /* DataFlowAndNavigation */,
				AAB91CF0232196150052026A /* Products */,
			);
			sourceTree = "<group>";
		};
		AAB91CF0232196150052026A /* Products */ = {
			isa = PBXGroup;
			children = (
				AAB91CEF232196150052026A /* DataFlowAndNavigation.app */,
			);
			name = Products;
			sourceTree = "<group>";
		};
		AAB91CF1232196150052026A /* DataFlowAndNavigation */ = {
			isa = PBXGroup;
			children = (
				AAB91CF2232196150052026A /* AppDelegate.swift */,
				AAB91CF4232196150052026A /* BlueVC.swift */,
				AAB91CF6232196150052026A /* Main.storyboard */,
				AAB91D0823219A920052026A /* DetailVC.swift */,
				AAB91CF9232196160052026A /* Assets.xcassets */,
				AAB91CFB232196160052026A /* LaunchScreen.storyboard */,
				AAB91CFE232196160052026A /* Info.plist */,
				AAB91D042321975B0052026A /* RedVC.swift */,
				AAB91D06232197690052026A /* GreenVC.swift */,
			);
			path = DataFlowAndNavigation;
			sourceTree = "<group>";
		};
/* End PBXGroup section */

/* Begin PBXNativeTarget section */
		AAB91CEE232196150052026A /* DataFlowAndNavigation */ = {
			isa = PBXNativeTarget;
			buildConfigurationList = AAB91D01232196160052026A /* Build configuration list for PBXNativeTarget "DataFlowAndNavigation" */;
			buildPhases = (
				AAB91CEB232196150052026A /* Sources */,
				AAB91CEC232196150052026A /* Frameworks */,
				AAB91CED232196150052026A /* Resources */,
			);
			buildRules = (
			);
			dependencies = (
			);
			name = DataFlowAndNavigation;
			productName = DataFlowAndNavigation;
			productReference = AAB91CEF232196150052026A /* DataFlowAndNavigation.app */;
			productType = "com.apple.product-type.application";
		};
/* End PBXNativeTarget section */

/* Begin PBXProject section */
		AAB91CE7232196150052026A /* Project object */ = {
			isa = PBXProject;
			attributes = {
				LastSwiftUpdateCheck = 1020;
				LastUpgradeCheck = 1020;
				ORGANIZATIONNAME = "Bruno Omella Mainieri";
				TargetAttributes = {
					AAB91CEE232196150052026A = {
						CreatedOnToolsVersion = 10.2.1;
					};
				};
			};
			buildConfigurationList = AAB91CEA232196150052026A /* Build configuration list for PBXProject "DataFlowAndNavigation" */;
			compatibilityVersion = "Xcode 9.3";
			developmentRegion = en;
			hasScannedForEncodings = 0;
			knownRegions = (
				en,
				Base,
			);
			mainGroup = AAB91CE6232196150052026A;
			productRefGroup = AAB91CF0232196150052026A /* Products */;
			projectDirPath = "";
			projectRoot = "";
			targets = (
				AAB91CEE232196150052026A /* DataFlowAndNavigation */,
			);
		};
/* End PBXProject section */

/* Begin PBXResourcesBuildPhase section */
		AAB91CED232196150052026A /* Resources */ = {
			isa = PBXResourcesBuildPhase;
			buildActionMask = 2147483647;
			files = (
				AAB91CFD232196160052026A /* LaunchScreen.storyboard in Resources */,
				AAB91CFA232196160052026A /* Assets.xcassets in Resources */,
				AAB91CF8232196150052026A /* Main.storyboard in Resources */,
			);
			runOnlyForDeploymentPostprocessing = 0;
		};
/* End PBXResourcesBuildPhase section */

/* Begin PBXSourcesBuildPhase section */
		AAB91CEB232196150052026A /* Sources */ = {
			isa = PBXSourcesBuildPhase;
			buildActionMask = 2147483647;
			files = (
				AAB91D0923219A920052026A /* DetailVC.swift in Sources */,
				AAB91CF5232196150052026A /* BlueVC.swift in Sources */,
				AAB91D052321975B0052026A /* RedVC.swift in Sources */,
				AAB91D07232197690052026A /* GreenVC.swift in Sources */,
				AAB91CF3232196150052026A /* AppDelegate.swift in Sources */,
			);
			runOnlyForDeploymentPostprocessing = 0;
		};
/* End PBXSourcesBuildPhase section */

/* Begin PBXVariantGroup section */
		AAB91CF6232196150052026A /* Main.storyboard */ = {
			isa = PBXVariantGroup;
			children = (
				AAB91CF7232196150052026A /* Base */,
			);
			name = Main.storyboard;
			sourceTree = "<group>";
		};
		AAB91CFB232196160052026A /* LaunchScreen.storyboard */ = {
			isa = PBXVariantGroup;
			children = (
				AAB91CFC232196160052026A /* Base */,
			);
			name = LaunchScreen.storyboard;
			sourceTree = "<group>";
		};
/* End PBXVariantGroup section */

/* Begin XCBuildConfiguration section */
		AAB91CFF232196160052026A /* Debug */ = {
			isa = XCBuildConfiguration;
			buildSettings = {
				ALWAYS_SEARCH_USER_PATHS = NO;
				CLANG_ANALYZER_NONNULL = YES;
				CLANG_ANALYZER_NUMBER_OBJECT_CONVERSION = YES_AGGRESSIVE;
				CLANG_CXX_LANGUAGE_STANDARD = "gnu++14";
				CLANG_CXX_LIBRARY = "libc++";
				CLANG_ENABLE_MODULES = YES;
				CLANG_ENABLE_OBJC_ARC = YES;
				CLANG_ENABLE_OBJC_WEAK = YES;
				CLANG_WARN_BLOCK_CAPTURE_AUTORELEASING = YES;
				CLANG_WARN_BOOL_CONVERSION = YES;
				CLANG_WARN_COMMA = YES;
				CLANG_WARN_CONSTANT_CONVERSION = YES;
				CLANG_WARN_DEPRECATED_OBJC_IMPLEMENTATIONS = YES;
				CLANG_WARN_DIRECT_OBJC_ISA_USAGE = YES_ERROR;
				CLANG_WARN_DOCUMENTATION_COMMENTS = YES;
				CLANG_WARN_EMPTY_BODY = YES;
				CLANG_WARN_ENUM_CONVERSION = YES;
				CLANG_WARN_INFINITE_RECURSION = YES;
				CLANG_WARN_INT_CONVERSION = YES;
				CLANG_WARN_NON_LITERAL_NULL_CONVERSION = YES;
				CLANG_WARN_OBJC_IMPLICIT_RETAIN_SELF = YES;
				CLANG_WARN_OBJC_LITERAL_CONVERSION = YES;
				CLANG_WARN_OBJC_ROOT_CLASS = YES_ERROR;
				CLANG_WARN_RANGE_LOOP_ANALYSIS = YES;
				CLANG_WARN_STRICT_PROTOTYPES = YES;
				CLANG_WARN_SUSPICIOUS_MOVE = YES;
				CLANG_WARN_UNGUARDED_AVAILABILITY = YES_AGGRESSIVE;
				CLANG_WARN_UNREACHABLE_CODE = YES;
				CLANG_WARN__DUPLICATE_METHOD_MATCH = YES;
				CODE_SIGN_IDENTITY = "iPhone Developer";
				COPY_PHASE_STRIP = NO;
				DEBUG_INFORMATION_FORMAT = dwarf;
				ENABLE_STRICT_OBJC_MSGSEND = YES;
				ENABLE_TESTABILITY = YES;
				GCC_C_LANGUAGE_STANDARD = gnu11;
				GCC_DYNAMIC_NO_PIC = NO;
				GCC_NO_COMMON_BLOCKS = YES;
				GCC_OPTIMIZATION_LEVEL = 0;
				GCC_PREPROCESSOR_DEFINITIONS = (
					"DEBUG=1",
					"$(inherited)",
				);
				GCC_WARN_64_TO_32_BIT_CONVERSION = YES;
				GCC_WARN_ABOUT_RETURN_TYPE = YES_ERROR;
				GCC_WARN_UNDECLARED_SELECTOR = YES;
				GCC_WARN_UNINITIALIZED_AUTOS = YES_AGGRESSIVE;
				GCC_WARN_UNUSED_FUNCTION = YES;
				GCC_WARN_UNUSED_VARIABLE = YES;
				IPHONEOS_DEPLOYMENT_TARGET = 12.2;
				MTL_ENABLE_DEBUG_INFO = INCLUDE_SOURCE;
				MTL_FAST_MATH = YES;
				ONLY_ACTIVE_ARCH = YES;
				SDKROOT = iphoneos;
				SWIFT_ACTIVE_COMPILATION_CONDITIONS = DEBUG;
				SWIFT_OPTIMIZATION_LEVEL = "-Onone";
			};
			name = Debug;
		};
		AAB91D00232196160052026A /* Release */ = {
			isa = XCBuildConfiguration;
			buildSettings = {
				ALWAYS_SEARCH_USER_PATHS = NO;
				CLANG_ANALYZER_NONNULL = YES;
				CLANG_ANALYZER_NUMBER_OBJECT_CONVERSION = YES_AGGRESSIVE;
				CLANG_CXX_LANGUAGE_STANDARD = "gnu++14";
				CLANG_CXX_LIBRARY = "libc++";
				CLANG_ENABLE_MODULES = YES;
				CLANG_ENABLE_OBJC_ARC = YES;
				CLANG_ENABLE_OBJC_WEAK = YES;
				CLANG_WARN_BLOCK_CAPTURE_AUTORELEASING = YES;
				CLANG_WARN_BOOL_CONVERSION = YES;
				CLANG_WARN_COMMA = YES;
				CLANG_WARN_CONSTANT_CONVERSION = YES;
				CLANG_WARN_DEPRECATED_OBJC_IMPLEMENTATIONS = YES;
				CLANG_WARN_DIRECT_OBJC_ISA_USAGE = YES_ERROR;
				CLANG_WARN_DOCUMENTATION_COMMENTS = YES;
				CLANG_WARN_EMPTY_BODY = YES;
				CLANG_WARN_ENUM_CONVERSION = YES;
				CLANG_WARN_INFINITE_RECURSION = YES;
				CLANG_WARN_INT_CONVERSION = YES;
				CLANG_WARN_NON_LITERAL_NULL_CONVERSION = YES;
				CLANG_WARN_OBJC_IMPLICIT_RETAIN_SELF = YES;
				CLANG_WARN_OBJC_LITERAL_CONVERSION = YES;
				CLANG_WARN_OBJC_ROOT_CLASS = YES_ERROR;
				CLANG_WARN_RANGE_LOOP_ANALYSIS = YES;
				CLANG_WARN_STRICT_PROTOTYPES = YES;
				CLANG_WARN_SUSPICIOUS_MOVE = YES;
				CLANG_WARN_UNGUARDED_AVAILABILITY = YES_AGGRESSIVE;
				CLANG_WARN_UNREACHABLE_CODE = YES;
				CLANG_WARN__DUPLICATE_METHOD_MATCH = YES;
				CODE_SIGN_IDENTITY = "iPhone Developer";
				COPY_PHASE_STRIP = NO;
				DEBUG_INFORMATION_FORMAT = "dwarf-with-dsym";
				ENABLE_NS_ASSERTIONS = NO;
				ENABLE_STRICT_OBJC_MSGSEND = YES;
				GCC_C_LANGUAGE_STANDARD = gnu11;
				GCC_NO_COMMON_BLOCKS = YES;
				GCC_WARN_64_TO_32_BIT_CONVERSION = YES;
				GCC_WARN_ABOUT_RETURN_TYPE = YES_ERROR;
				GCC_WARN_UNDECLARED_SELECTOR = YES;
				GCC_WARN_UNINITIALIZED_AUTOS = YES_AGGRESSIVE;
				GCC_WARN_UNUSED_FUNCTION = YES;
				GCC_WARN_UNUSED_VARIABLE = YES;
				IPHONEOS_DEPLOYMENT_TARGET = 12.2;
				MTL_ENABLE_DEBUG_INFO = NO;
				MTL_FAST_MATH = YES;
				SDKROOT = iphoneos;
				SWIFT_COMPILATION_MODE = wholemodule;
				SWIFT_OPTIMIZATION_LEVEL = "-O";
				VALIDATE_PRODUCT = YES;
			};
			name = Release;
		};
		AAB91D02232196160052026A /* Debug */ = {
			isa = XCBuildConfiguration;
			buildSettings = {
				ASSETCATALOG_COMPILER_APPICON_NAME = AppIcon;
				CODE_SIGN_STYLE = Automatic;
				DEVELOPMENT_TEAM = GT48V5L69E;
				INFOPLIST_FILE = DataFlowAndNavigation/Info.plist;
				LD_RUNPATH_SEARCH_PATHS = (
					"$(inherited)",
					"@executable_path/Frameworks",
				);
				PRODUCT_BUNDLE_IDENTIFIER = br.com.mackmobile.DataFlowAndNavigation;
				PRODUCT_NAME = "$(TARGET_NAME)";
				SWIFT_VERSION = 5.0;
				TARGETED_DEVICE_FAMILY = "1,2";
			};
			name = Debug;
		};
		AAB91D03232196160052026A /* Release */ = {
			isa = XCBuildConfiguration;
			buildSettings = {
				ASSETCATALOG_COMPILER_APPICON_NAME = AppIcon;
				CODE_SIGN_STYLE = Automatic;
				DEVELOPMENT_TEAM = GT48V5L69E;
				INFOPLIST_FILE = DataFlowAndNavigation/Info.plist;
				LD_RUNPATH_SEARCH_PATHS = (
					"$(inherited)",
					"@executable_path/Frameworks",
				);
				PRODUCT_BUNDLE_IDENTIFIER = br.com.mackmobile.DataFlowAndNavigation;
				PRODUCT_NAME = "$(TARGET_NAME)";
				SWIFT_VERSION = 5.0;
				TARGETED_DEVICE_FAMILY = "1,2";
			};
			name = Release;
		};
/* End XCBuildConfiguration section */

/* Begin XCConfigurationList section */
		AAB91CEA232196150052026A /* Build configuration list for PBXProject "DataFlowAndNavigation" */ = {
			isa = XCConfigurationList;
			buildConfigurations = (
				AAB91CFF232196160052026A /* Debug */,
				AAB91D00232196160052026A /* Release */,
			);
			defaultConfigurationIsVisible = 0;
			defaultConfigurationName = Release;
		};
		AAB91D01232196160052026A /* Build configuration list for PBXNativeTarget "DataFlowAndNavigation" */ = {
			isa = XCConfigurationList;
			buildConfigurations = (
				AAB91D02232196160052026A /* Debug */,
				AAB91D03232196160052026A /* Release */,
			);
			defaultConfigurationIsVisible = 0;
			defaultConfigurationName = Release;
		};
/* End XCConfigurationList section */
	};
	rootObject = AAB91CE7232196150052026A /* Project object */;
}
